
Microsoft Visual Studio Solution File, Format Version 12.00
# Visual Studio Version 16
VisualStudioVersion = 16.0.30503.244
MinimumVisualStudioVersion = 10.0.40219.1
Project("{FAE04EC0-301F-11D3-BF4B-00C04F79EFBC}") = "UserRegistrationUC", "UserRegistrationUC\UserRegistrationUC.csproj", "{E5210EB4-7BAD-4F32-8228-488B6C08A858}"
EndProject
Global
	GlobalSection(SolutionConfigurationPlatforms) = preSolution
		Debug|Any CPU = Debug|Any CPU
		Release|Any CPU = Release|Any CPU
	EndGlobalSection
	GlobalSection(ProjectConfigurationPlatforms) = postSolution
		{E5210EB4-7BAD-4F32-8228-488B6C08A858}.Debug|Any CPU.ActiveCfg = Debug|Any CPU
		{E5210EB4-7BAD-4F32-8228-488B6C08A858}.Debug|Any CPU.Build.0 = Debug|Any CPU
		{E5210EB4-7BAD-4F32-8228-488B6C08A858}.Release|Any CPU.ActiveCfg = Release|Any CPU
		{E5210EB4-7BAD-4F32-8228-488B6C08A858}.Release|Any CPU.Build.0 = Release|Any CPU
	EndGlobalSection
	GlobalSection(SolutionProperties) = preSolution
		HideSolutionNode = FALSE
	EndGlobalSection
	GlobalSection(ExtensibilityGlobals) = postSolution
		SolutionGuid = {148C91B9-A315-41B5-AA08-580D5880FD63}
	EndGlobalSection
EndGlobal
